
Microsoft Visual Studio Solution File, Format Version 12.00
# Visual Studio Version 16
VisualStudioVersion = 16.0.31624.102
MinimumVisualStudioVersion = 10.0.40219.1
Project("{9A19103F-16F7-4668-BE54-9A1E7A4F7556}") = "DAL", "DAL\DAL.csproj", "{DB8A63BA-7784-44B0-8BCA-F1BF234C76B6}"
EndProject
Project("{9A19103F-16F7-4668-BE54-9A1E7A4F7556}") = "BLL", "BLL\BLL.csproj", "{61FBD87B-AA48-4DC3-8660-9414E047BC5A}"
EndProject
Project("{9A19103F-16F7-4668-BE54-9A1E7A4F7556}") = "Worker", "Worker\TaskService.csproj", "{0AC96E39-C208-4A1F-8568-997D22153A04}"
EndProject
Project("{9A19103F-16F7-4668-BE54-9A1E7A4F7556}") = "API", "API\API.csproj", "{F2BDB1BC-6572-4518-AB92-7BFE36CC6C97}"
EndProject
Project("{FAE04EC0-301F-11D3-BF4B-00C04F79EFBC}") = "Interface", "Interface\Interface.csproj", "{ADE74DA4-BA78-4FD2-ABB1-CA0D2A87889E}"
EndProject
Global
	GlobalSection(SolutionConfigurationPlatforms) = preSolution
		Debug|Any CPU = Debug|Any CPU
		Release|Any CPU = Release|Any CPU
	EndGlobalSection
	GlobalSection(ProjectConfigurationPlatforms) = postSolution
		{DB8A63BA-7784-44B0-8BCA-F1BF234C76B6}.Debug|Any CPU.ActiveCfg = Debug|Any CPU
		{DB8A63BA-7784-44B0-8BCA-F1BF234C76B6}.Debug|Any CPU.Build.0 = Debug|Any CPU
		{DB8A63BA-7784-44B0-8BCA-F1BF234C76B6}.Release|Any CPU.ActiveCfg = Release|Any CPU
		{DB8A63BA-7784-44B0-8BCA-F1BF234C76B6}.Release|Any CPU.Build.0 = Release|Any CPU
		{61FBD87B-AA48-4DC3-8660-9414E047BC5A}.Debug|Any CPU.ActiveCfg = Debug|Any CPU
		{61FBD87B-AA48-4DC3-8660-9414E047BC5A}.Debug|Any CPU.Build.0 = Debug|Any CPU
		{61FBD87B-AA48-4DC3-8660-9414E047BC5A}.Release|Any CPU.ActiveCfg = Release|Any CPU
		{61FBD87B-AA48-4DC3-8660-9414E047BC5A}.Release|Any CPU.Build.0 = Release|Any CPU
		{0AC96E39-C208-4A1F-8568-997D22153A04}.Debug|Any CPU.ActiveCfg = Debug|Any CPU
		{0AC96E39-C208-4A1F-8568-997D22153A04}.Debug|Any CPU.Build.0 = Debug|Any CPU
		{0AC96E39-C208-4A1F-8568-997D22153A04}.Release|Any CPU.ActiveCfg = Release|Any CPU
		{0AC96E39-C208-4A1F-8568-997D22153A04}.Release|Any CPU.Build.0 = Release|Any CPU
		{F2BDB1BC-6572-4518-AB92-7BFE36CC6C97}.Debug|Any CPU.ActiveCfg = Debug|Any CPU
		{F2BDB1BC-6572-4518-AB92-7BFE36CC6C97}.Debug|Any CPU.Build.0 = Debug|Any CPU
		{F2BDB1BC-6572-4518-AB92-7BFE36CC6C97}.Release|Any CPU.ActiveCfg = Release|Any CPU
		{F2BDB1BC-6572-4518-AB92-7BFE36CC6C97}.Release|Any CPU.Build.0 = Release|Any CPU
		{ADE74DA4-BA78-4FD2-ABB1-CA0D2A87889E}.Debug|Any CPU.ActiveCfg = Debug|Any CPU
		{ADE74DA4-BA78-4FD2-ABB1-CA0D2A87889E}.Debug|Any CPU.Build.0 = Debug|Any CPU
		{ADE74DA4-BA78-4FD2-ABB1-CA0D2A87889E}.Release|Any CPU.ActiveCfg = Release|Any CPU
		{ADE74DA4-BA78-4FD2-ABB1-CA0D2A87889E}.Release|Any CPU.Build.0 = Release|Any CPU
	EndGlobalSection
	GlobalSection(SolutionProperties) = preSolution
		HideSolutionNode = FALSE
	EndGlobalSection
	GlobalSection(ExtensibilityGlobals) = postSolution
		SolutionGuid = {A2FCC53B-B9AA-4F76-8432-346FE6DB9AE1}
	EndGlobalSection
EndGlobal
